// !$*UTF8*$!
{
	archiveVersion = 1;
	classes = {
	};
	objectVersion = 77;
	objects = {

/* Begin PBXBuildFile section */
		8348C35C2E38536500BBD74D /* Lottie in Frameworks */ = {isa = PBXBuildFile; productRef = 8348C35B2E38536500BBD74D /* Lottie */; };
		8348C4732E3B43A200BBD74D /* RealmSwift in Frameworks */ = {isa = PBXBuildFile; productRef = 8348C4722E3B43A200BBD74D /* RealmSwift */; };
		8348C58C2E3B727A00BBD74D /* RealmSwift in Embed Frameworks */ = {isa = PBXBuildFile; productRef = 8348C4722E3B43A200BBD74D /* RealmSwift */; settings = {ATTRIBUTES = (CodeSignOnCopy, ); }; };
		8348C5A62E3E446E00BBD74D /* SocketIO in Frameworks */ = {isa = PBXBuildFile; productRef = 8348C5A52E3E446E00BBD74D /* SocketIO */; };
		83871F192E2D36110098BE94 /* KakaoSDKAuth in Frameworks */ = {isa = PBXBuildFile; productRef = 83871F182E2D36110098BE94 /* KakaoSDKAuth */; };
		83871F1B2E2D36110098BE94 /* KakaoSDKCommon in Frameworks */ = {isa = PBXBuildFile; productRef = 83871F1A2E2D36110098BE94 /* KakaoSDKCommon */; };
		83871F1D2E2D36110098BE94 /* KakaoSDKUser in Frameworks */ = {isa = PBXBuildFile; productRef = 83871F1C2E2D36110098BE94 /* KakaoSDKUser */; };
		83871F202E2D361A0098BE94 /* Kingfisher in Frameworks */ = {isa = PBXBuildFile; productRef = 83871F1F2E2D361A0098BE94 /* Kingfisher */; };
		83FF330B2E4381730027B267 /* iamport-ios in Frameworks */ = {isa = PBXBuildFile; productRef = 83FF330A2E4381730027B267 /* iamport-ios */; };
		83FF332D2E4465450027B267 /* FirebaseCore in Frameworks */ = {isa = PBXBuildFile; productRef = 83FF332C2E4465450027B267 /* FirebaseCore */; };
		83FF332F2E4465450027B267 /* FirebaseMessaging in Frameworks */ = {isa = PBXBuildFile; productRef = 83FF332E2E4465450027B267 /* FirebaseMessaging */; };
/* End PBXBuildFile section */

/* Begin PBXCopyFilesBuildPhase section */
		8348C58D2E3B727A00BBD74D /* Embed Frameworks */ = {
			isa = PBXCopyFilesBuildPhase;
			buildActionMask = 2147483647;
			dstPath = "";
			dstSubfolderSpec = 10;
			files = (
				8348C58C2E3B727A00BBD74D /* RealmSwift in Embed Frameworks */,
			);
			name = "Embed Frameworks";
			runOnlyForDeploymentPostprocessing = 0;
		};
/* End PBXCopyFilesBuildPhase section */

/* Begin PBXFileReference section */
		83679B6A2E1E61FE00DCF63F /* CoolVibeClub.app */ = {isa = PBXFileReference; explicitFileType = wrapper.application; includeInIndex = 0; path = CoolVibeClub.app; sourceTree = BUILT_PRODUCTS_DIR; };
/* End PBXFileReference section */

/* Begin PBXFileSystemSynchronizedBuildFileExceptionSet section */
		83679BBB2E1FCD5E00DCF63F /* Exceptions for "CoolVibeClub" folder in "CoolVibeClub" target */ = {
			isa = PBXFileSystemSynchronizedBuildFileExceptionSet;
			membershipExceptions = (
				Info.plist,
			);
			target = 83679B692E1E61FE00DCF63F /* CoolVibeClub */;
		};
/* End PBXFileSystemSynchronizedBuildFileExceptionSet section */

/* Begin PBXFileSystemSynchronizedRootGroup section */
		83679B6C2E1E61FE00DCF63F /* CoolVibeClub */ = {
			isa = PBXFileSystemSynchronizedRootGroup;
			exceptions = (
				83679BBB2E1FCD5E00DCF63F /* Exceptions for "CoolVibeClub" folder in "CoolVibeClub" target */,
			);
			path = CoolVibeClub;
			sourceTree = "<group>";
		};
/* End PBXFileSystemSynchronizedRootGroup section */

/* Begin PBXFrameworksBuildPhase section */
		83679B672E1E61FE00DCF63F /* Frameworks */ = {
			isa = PBXFrameworksBuildPhase;
			buildActionMask = 2147483647;
			files = (
				8348C4732E3B43A200BBD74D /* RealmSwift in Frameworks */,
				8348C35C2E38536500BBD74D /* Lottie in Frameworks */,
				83FF332F2E4465450027B267 /* FirebaseMessaging in Frameworks */,
				8348C5A62E3E446E00BBD74D /* SocketIO in Frameworks */,
				83871F202E2D361A0098BE94 /* Kingfisher in Frameworks */,
				83871F1B2E2D36110098BE94 /* KakaoSDKCommon in Frameworks */,
				83871F192E2D36110098BE94 /* KakaoSDKAuth in Frameworks */,
				83871F1D2E2D36110098BE94 /* KakaoSDKUser in Frameworks */,
				83FF332D2E4465450027B267 /* FirebaseCore in Frameworks */,
				83FF330B2E4381730027B267 /* iamport-ios in Frameworks */,
			);
			runOnlyForDeploymentPostprocessing = 0;
		};
/* End PBXFrameworksBuildPhase section */

/* Begin PBXGroup section */
		83679B612E1E61FE00DCF63F = {
			isa = PBXGroup;
			children = (
				83679B6C2E1E61FE00DCF63F /* CoolVibeClub */,
				83679B6B2E1E61FE00DCF63F /* Products */,
			);
			sourceTree = "<group>";
		};
		83679B6B2E1E61FE00DCF63F /* Products */ = {
			isa = PBXGroup;
			children = (
				83679B6A2E1E61FE00DCF63F /* CoolVibeClub.app */,
			);
			name = Products;
			sourceTree = "<group>";
		};
/* End PBXGroup section */

/* Begin PBXNativeTarget section */
		83679B692E1E61FE00DCF63F /* CoolVibeClub */ = {
			isa = PBXNativeTarget;
			buildConfigurationList = 83679B782E1E620000DCF63F /* Build configuration list for PBXNativeTarget "CoolVibeClub" */;
			buildPhases = (
				83679B662E1E61FE00DCF63F /* Sources */,
				83679B672E1E61FE00DCF63F /* Frameworks */,
				83679B682E1E61FE00DCF63F /* Resources */,
				8348C58D2E3B727A00BBD74D /* Embed Frameworks */,
			);
			buildRules = (
			);
			dependencies = (
			);
			fileSystemSynchronizedGroups = (
				83679B6C2E1E61FE00DCF63F /* CoolVibeClub */,
			);
			name = CoolVibeClub;
			packageProductDependencies = (
				83871F182E2D36110098BE94 /* KakaoSDKAuth */,
				83871F1A2E2D36110098BE94 /* KakaoSDKCommon */,
				83871F1C2E2D36110098BE94 /* KakaoSDKUser */,
				83871F1F2E2D361A0098BE94 /* Kingfisher */,
				8348C35B2E38536500BBD74D /* Lottie */,
				8348C4722E3B43A200BBD74D /* RealmSwift */,
				8348C5A52E3E446E00BBD74D /* SocketIO */,
				83FF330A2E4381730027B267 /* iamport-ios */,
				83FF332C2E4465450027B267 /* FirebaseCore */,
				83FF332E2E4465450027B267 /* FirebaseMessaging */,
			);
			productName = CoolVibeClub;
			productReference = 83679B6A2E1E61FE00DCF63F /* CoolVibeClub.app */;
			productType = "com.apple.product-type.application";
		};
/* End PBXNativeTarget section */

/* Begin PBXProject section */
		83679B622E1E61FE00DCF63F /* Project object */ = {
			isa = PBXProject;
			attributes = {
				BuildIndependentTargetsInParallel = 1;
				LastSwiftUpdateCheck = 1600;
				LastUpgradeCheck = 1600;
				TargetAttributes = {
					83679B692E1E61FE00DCF63F = {
						CreatedOnToolsVersion = 16.0;
					};
				};
			};
			buildConfigurationList = 83679B652E1E61FE00DCF63F /* Build configuration list for PBXProject "CoolVibeClub" */;
			developmentRegion = en;
			hasScannedForEncodings = 0;
			knownRegions = (
				en,
				Base,
			);
			mainGroup = 83679B612E1E61FE00DCF63F;
			minimizedProjectReferenceProxies = 1;
			packageReferences = (
				83871F172E2D36110098BE94 /* XCRemoteSwiftPackageReference "kakao-ios-sdk" */,
				83871F1E2E2D361A0098BE94 /* XCRemoteSwiftPackageReference "Kingfisher" */,
				8348C35A2E38536500BBD74D /* XCRemoteSwiftPackageReference "lottie-ios" */,
				8348C4712E3B43A200BBD74D /* XCRemoteSwiftPackageReference "realm-swift" */,
				8348C5A42E3E446E00BBD74D /* XCRemoteSwiftPackageReference "socket.io-client-swift" */,
				83FF33092E4381730027B267 /* XCRemoteSwiftPackageReference "iamport-ios" */,
				83FF332B2E4465450027B267 /* XCRemoteSwiftPackageReference "firebase-ios-sdk" */,
			);
			preferredProjectObjectVersion = 77;
			productRefGroup = 83679B6B2E1E61FE00DCF63F /* Products */;
			projectDirPath = "";
			projectRoot = "";
			targets = (
				83679B692E1E61FE00DCF63F /* CoolVibeClub */,
			);
		};
/* End PBXProject section */

/* Begin PBXResourcesBuildPhase section */
		83679B682E1E61FE00DCF63F /* Resources */ = {
			isa = PBXResourcesBuildPhase;
			buildActionMask = 2147483647;
			files = (
			);
			runOnlyForDeploymentPostprocessing = 0;
		};
/* End PBXResourcesBuildPhase section */

/* Begin PBXSourcesBuildPhase section */
		83679B662E1E61FE00DCF63F /* Sources */ = {
			isa = PBXSourcesBuildPhase;
			buildActionMask = 2147483647;
			files = (
			);
			runOnlyForDeploymentPostprocessing = 0;
		};
/* End PBXSourcesBuildPhase section */

/* Begin XCBuildConfiguration section */
		83679B762E1E620000DCF63F /* Debug */ = {
			isa = XCBuildConfiguration;
			buildSettings = {
				ALWAYS_SEARCH_USER_PATHS = NO;
				ASSETCATALOG_COMPILER_GENERATE_SWIFT_ASSET_SYMBOL_EXTENSIONS = YES;
				CLANG_ANALYZER_NONNULL = YES;
				CLANG_ANALYZER_NUMBER_OBJECT_CONVERSION = YES_AGGRESSIVE;
				CLANG_CXX_LANGUAGE_STANDARD = "gnu++20";
				CLANG_ENABLE_MODULES = YES;
				CLANG_ENABLE_OBJC_ARC = YES;
				CLANG_ENABLE_OBJC_WEAK = YES;
				CLANG_WARN_BLOCK_CAPTURE_AUTORELEASING = YES;
				CLANG_WARN_BOOL_CONVERSION = YES;
				CLANG_WARN_COMMA = YES;
				CLANG_WARN_CONSTANT_CONVERSION = YES;
				CLANG_WARN_DEPRECATED_OBJC_IMPLEMENTATIONS = YES;
				CLANG_WARN_DIRECT_OBJC_ISA_USAGE = YES_ERROR;
				CLANG_WARN_DOCUMENTATION_COMMENTS = YES;
				CLANG_WARN_EMPTY_BODY = YES;
				CLANG_WARN_ENUM_CONVERSION = YES;
				CLANG_WARN_INFINITE_RECURSION = YES;
				CLANG_WARN_INT_CONVERSION = YES;
				CLANG_WARN_NON_LITERAL_NULL_CONVERSION = YES;
				CLANG_WARN_OBJC_IMPLICIT_RETAIN_SELF = YES;
				CLANG_WARN_OBJC_LITERAL_CONVERSION = YES;
				CLANG_WARN_OBJC_ROOT_CLASS = YES_ERROR;
				CLANG_WARN_QUOTED_INCLUDE_IN_FRAMEWORK_HEADER = YES;
				CLANG_WARN_RANGE_LOOP_ANALYSIS = YES;
				CLANG_WARN_STRICT_PROTOTYPES = YES;
				CLANG_WARN_SUSPICIOUS_MOVE = YES;
				CLANG_WARN_UNGUARDED_AVAILABILITY = YES_AGGRESSIVE;
				CLANG_WARN_UNREACHABLE_CODE = YES;
				CLANG_WARN__DUPLICATE_METHOD_MATCH = YES;
				COPY_PHASE_STRIP = NO;
				DEBUG_INFORMATION_FORMAT = dwarf;
				ENABLE_STRICT_OBJC_MSGSEND = YES;
				ENABLE_TESTABILITY = YES;
				ENABLE_USER_SCRIPT_SANDBOXING = YES;
				GCC_C_LANGUAGE_STANDARD = gnu17;
				GCC_DYNAMIC_NO_PIC = NO;
				GCC_NO_COMMON_BLOCKS = YES;
				GCC_OPTIMIZATION_LEVEL = 0;
				GCC_PREPROCESSOR_DEFINITIONS = (
					"DEBUG=1",
					"$(inherited)",
				);
				GCC_WARN_64_TO_32_BIT_CONVERSION = YES;
				GCC_WARN_ABOUT_RETURN_TYPE = YES_ERROR;
				GCC_WARN_UNDECLARED_SELECTOR = YES;
				GCC_WARN_UNINITIALIZED_AUTOS = YES_AGGRESSIVE;
				GCC_WARN_UNUSED_FUNCTION = YES;
				GCC_WARN_UNUSED_VARIABLE = YES;
				IPHONEOS_DEPLOYMENT_TARGET = 17.6;
				LOCALIZATION_PREFERS_STRING_CATALOGS = YES;
				MTL_ENABLE_DEBUG_INFO = INCLUDE_SOURCE;
				MTL_FAST_MATH = YES;
				ONLY_ACTIVE_ARCH = YES;
				SDKROOT = iphoneos;
				SWIFT_ACTIVE_COMPILATION_CONDITIONS = "DEBUG $(inherited)";
				SWIFT_OPTIMIZATION_LEVEL = "-Onone";
			};
			name = Debug;
		};
		83679B772E1E620000DCF63F /* Release */ = {
			isa = XCBuildConfiguration;
			buildSettings = {
				ALWAYS_SEARCH_USER_PATHS = NO;
				ASSETCATALOG_COMPILER_GENERATE_SWIFT_ASSET_SYMBOL_EXTENSIONS = YES;
				CLANG_ANALYZER_NONNULL = YES;
				CLANG_ANALYZER_NUMBER_OBJECT_CONVERSION = YES_AGGRESSIVE;
				CLANG_CXX_LANGUAGE_STANDARD = "gnu++20";
				CLANG_ENABLE_MODULES = YES;
				CLANG_ENABLE_OBJC_ARC = YES;
				CLANG_ENABLE_OBJC_WEAK = YES;
				CLANG_WARN_BLOCK_CAPTURE_AUTORELEASING = YES;
				CLANG_WARN_BOOL_CONVERSION = YES;
				CLANG_WARN_COMMA = YES;
				CLANG_WARN_CONSTANT_CONVERSION = YES;
				CLANG_WARN_DEPRECATED_OBJC_IMPLEMENTATIONS = YES;
				CLANG_WARN_DIRECT_OBJC_ISA_USAGE = YES_ERROR;
				CLANG_WARN_DOCUMENTATION_COMMENTS = YES;
				CLANG_WARN_EMPTY_BODY = YES;
				CLANG_WARN_ENUM_CONVERSION = YES;
				CLANG_WARN_INFINITE_RECURSION = YES;
				CLANG_WARN_INT_CONVERSION = YES;
				CLANG_WARN_NON_LITERAL_NULL_CONVERSION = YES;
				CLANG_WARN_OBJC_IMPLICIT_RETAIN_SELF = YES;
				CLANG_WARN_OBJC_LITERAL_CONVERSION = YES;
				CLANG_WARN_OBJC_ROOT_CLASS = YES_ERROR;
				CLANG_WARN_QUOTED_INCLUDE_IN_FRAMEWORK_HEADER = YES;
				CLANG_WARN_RANGE_LOOP_ANALYSIS = YES;
				CLANG_WARN_STRICT_PROTOTYPES = YES;
				CLANG_WARN_SUSPICIOUS_MOVE = YES;
				CLANG_WARN_UNGUARDED_AVAILABILITY = YES_AGGRESSIVE;
				CLANG_WARN_UNREACHABLE_CODE = YES;
				CLANG_WARN__DUPLICATE_METHOD_MATCH = YES;
				COPY_PHASE_STRIP = NO;
				DEBUG_INFORMATION_FORMAT = "dwarf-with-dsym";
				ENABLE_NS_ASSERTIONS = NO;
				ENABLE_STRICT_OBJC_MSGSEND = YES;
				ENABLE_USER_SCRIPT_SANDBOXING = YES;
				GCC_C_LANGUAGE_STANDARD = gnu17;
				GCC_NO_COMMON_BLOCKS = YES;
				GCC_WARN_64_TO_32_BIT_CONVERSION = YES;
				GCC_WARN_ABOUT_RETURN_TYPE = YES_ERROR;
				GCC_WARN_UNDECLARED_SELECTOR = YES;
				GCC_WARN_UNINITIALIZED_AUTOS = YES_AGGRESSIVE;
				GCC_WARN_UNUSED_FUNCTION = YES;
				GCC_WARN_UNUSED_VARIABLE = YES;
				IPHONEOS_DEPLOYMENT_TARGET = 17.6;
				LOCALIZATION_PREFERS_STRING_CATALOGS = YES;
				MTL_ENABLE_DEBUG_INFO = NO;
				MTL_FAST_MATH = YES;
				SDKROOT = iphoneos;
				SWIFT_COMPILATION_MODE = wholemodule;
				VALIDATE_PRODUCT = YES;
			};
			name = Release;
		};
		83679B792E1E620000DCF63F /* Debug */ = {
			isa = XCBuildConfiguration;
			buildSettings = {
				ASSETCATALOG_COMPILER_APPICON_NAME = AppIcon;
				ASSETCATALOG_COMPILER_GLOBAL_ACCENT_COLOR_NAME = AccentColor;
				CODE_SIGN_ENTITLEMENTS = CoolVibeClub/CoolVibeClub.entitlements;
				CODE_SIGN_STYLE = Automatic;
				CURRENT_PROJECT_VERSION = 1;
				DEVELOPMENT_ASSET_PATHS = "\"CoolVibeClub/App/Preview Content\"";
				DEVELOPMENT_TEAM = R56222NR37;
				ENABLE_PREVIEWS = YES;
				GCC_SHORT_ENUMS = YES;
				GENERATE_INFOPLIST_FILE = YES;
				INFOPLIST_FILE = CoolVibeClub/Info.plist;
				INFOPLIST_KEY_NSLocationAlwaysAndWhenInUseUsageDescription = "나의 위치 정보에 접근하는 것을 허용하시겠습니까?";
				INFOPLIST_KEY_NSLocationWhenInUseUsageDescription = "주변 액티비티 정보를 제공하기 위해 위치 정보가 필요합니다.";
				INFOPLIST_KEY_UIApplicationSceneManifest_Generation = YES;
				INFOPLIST_KEY_UIApplicationSupportsIndirectInputEvents = YES;
				INFOPLIST_KEY_UILaunchScreen_Generation = YES;
				INFOPLIST_KEY_UISupportedInterfaceOrientations_iPad = UIInterfaceOrientationPortrait;
				INFOPLIST_KEY_UISupportedInterfaceOrientations_iPhone = "UIInterfaceOrientationPortrait UIInterfaceOrientationLandscapeLeft UIInterfaceOrientationLandscapeRight";
				IPHONEOS_DEPLOYMENT_TARGET = 16.0;
				KAKAO_NATIVE_APP_KEY = 9805de5df633954741b15a219bc73b6e;
				LD_RUNPATH_SEARCH_PATHS = (
					"$(inherited)",
					"@executable_path/Frameworks",
				);
				MARKETING_VERSION = 1.0;
				PRODUCT_BUNDLE_IDENTIFIER = "com.claire-blue-park.CoolVibeClub";
				PRODUCT_NAME = "$(TARGET_NAME)";
				SWIFT_EMIT_LOC_STRINGS = YES;
				SWIFT_VERSION = 5.0;
				TARGETED_DEVICE_FAMILY = "1,2";
			};
			name = Debug;
		};
		83679B7A2E1E620000DCF63F /* Release */ = {
			isa = XCBuildConfiguration;
			buildSettings = {
				ASSETCATALOG_COMPILER_APPICON_NAME = AppIcon;
				ASSETCATALOG_COMPILER_GLOBAL_ACCENT_COLOR_NAME = AccentColor;
				CODE_SIGN_ENTITLEMENTS = CoolVibeClub/CoolVibeClub.entitlements;
				CODE_SIGN_STYLE = Automatic;
				CURRENT_PROJECT_VERSION = 1;
				DEVELOPMENT_ASSET_PATHS = "\"CoolVibeClub/App/Preview Content\"";
				DEVELOPMENT_TEAM = R56222NR37;
				ENABLE_PREVIEWS = YES;
				GCC_SHORT_ENUMS = YES;
				GENERATE_INFOPLIST_FILE = YES;
				INFOPLIST_FILE = CoolVibeClub/Info.plist;
				INFOPLIST_KEY_NSLocationAlwaysAndWhenInUseUsageDescription = "나의 위치 정보에 접근하는 것을 허용하시겠습니까?";
				INFOPLIST_KEY_NSLocationWhenInUseUsageDescription = "주변 액티비티 정보를 제공하기 위해 위치 정보가 필요합니다.";
				INFOPLIST_KEY_UIApplicationSceneManifest_Generation = YES;
				INFOPLIST_KEY_UIApplicationSupportsIndirectInputEvents = YES;
				INFOPLIST_KEY_UILaunchScreen_Generation = YES;
				INFOPLIST_KEY_UISupportedInterfaceOrientations_iPad = UIInterfaceOrientationPortrait;
				INFOPLIST_KEY_UISupportedInterfaceOrientations_iPhone = "UIInterfaceOrientationPortrait UIInterfaceOrientationLandscapeLeft UIInterfaceOrientationLandscapeRight";
				IPHONEOS_DEPLOYMENT_TARGET = 16.0;
				KAKAO_NATIVE_APP_KEY = 9805de5df633954741b15a219bc73b6e;
				LD_RUNPATH_SEARCH_PATHS = (
					"$(inherited)",
					"@executable_path/Frameworks",
				);
				MARKETING_VERSION = 1.0;
				PRODUCT_BUNDLE_IDENTIFIER = "com.claire-blue-park.CoolVibeClub";
				PRODUCT_NAME = "$(TARGET_NAME)";
				SWIFT_EMIT_LOC_STRINGS = YES;
				SWIFT_VERSION = 5.0;
				TARGETED_DEVICE_FAMILY = "1,2";
			};
			name = Release;
		};
/* End XCBuildConfiguration section */

/* Begin XCConfigurationList section */
		83679B652E1E61FE00DCF63F /* Build configuration list for PBXProject "CoolVibeClub" */ = {
			isa = XCConfigurationList;
			buildConfigurations = (
				83679B762E1E620000DCF63F /* Debug */,
				83679B772E1E620000DCF63F /* Release */,
			);
			defaultConfigurationIsVisible = 0;
			defaultConfigurationName = Release;
		};
		83679B782E1E620000DCF63F /* Build configuration list for PBXNativeTarget "CoolVibeClub" */ = {
			isa = XCConfigurationList;
			buildConfigurations = (
				83679B792E1E620000DCF63F /* Debug */,
				83679B7A2E1E620000DCF63F /* Release */,
			);
			defaultConfigurationIsVisible = 0;
			defaultConfigurationName = Release;
		};
/* End XCConfigurationList section */

/* Begin XCRemoteSwiftPackageReference section */
		8348C35A2E38536500BBD74D /* XCRemoteSwiftPackageReference "lottie-ios" */ = {
			isa = XCRemoteSwiftPackageReference;
			repositoryURL = "https://github.com/airbnb/lottie-ios.git";
			requirement = {
				kind = upToNextMajorVersion;
				minimumVersion = 4.5.2;
			};
		};
		8348C4712E3B43A200BBD74D /* XCRemoteSwiftPackageReference "realm-swift" */ = {
			isa = XCRemoteSwiftPackageReference;
			repositoryURL = "https://github.com/realm/realm-swift.git";
			requirement = {
				branch = master;
				kind = branch;
			};
		};
		8348C5A42E3E446E00BBD74D /* XCRemoteSwiftPackageReference "socket.io-client-swift" */ = {
			isa = XCRemoteSwiftPackageReference;
			repositoryURL = "https://github.com/socketio/socket.io-client-swift.git";
			requirement = {
				branch = master;
				kind = branch;
			};
		};
		83871F172E2D36110098BE94 /* XCRemoteSwiftPackageReference "kakao-ios-sdk" */ = {
			isa = XCRemoteSwiftPackageReference;
			repositoryURL = "https://github.com/kakao/kakao-ios-sdk";
			requirement = {
				kind = upToNextMajorVersion;
				minimumVersion = 2.24.5;
			};
		};
		83871F1E2E2D361A0098BE94 /* XCRemoteSwiftPackageReference "Kingfisher" */ = {
			isa = XCRemoteSwiftPackageReference;
			repositoryURL = "https://github.com/onevcat/Kingfisher.git";
			requirement = {
				kind = upToNextMajorVersion;
				minimumVersion = 8.5.0;
			};
		};
		83FF33092E4381730027B267 /* XCRemoteSwiftPackageReference "iamport-ios" */ = {
			isa = XCRemoteSwiftPackageReference;
			repositoryURL = "https://github.com/iamport/iamport-ios.git";
			requirement = {
				kind = upToNextMajorVersion;
				minimumVersion = 1.4.7;
			};
		};
		83FF332B2E4465450027B267 /* XCRemoteSwiftPackageReference "firebase-ios-sdk" */ = {
			isa = XCRemoteSwiftPackageReference;
			repositoryURL = "https://github.com/firebase/firebase-ios-sdk";
			requirement = {
				kind = upToNextMajorVersion;
				minimumVersion = 12.1.0;
			};
		};
/* End XCRemoteSwiftPackageReference section */

/* Begin XCSwiftPackageProductDependency section */
		8348C35B2E38536500BBD74D /* Lottie */ = {
			isa = XCSwiftPackageProductDependency;
			package = 8348C35A2E38536500BBD74D /* XCRemoteSwiftPackageReference "lottie-ios" */;
			productName = Lottie;
		};
		8348C4722E3B43A200BBD74D /* RealmSwift */ = {
			isa = XCSwiftPackageProductDependency;
			package = 8348C4712E3B43A200BBD74D /* XCRemoteSwiftPackageReference "realm-swift" */;
			productName = RealmSwift;
		};
		8348C5A52E3E446E00BBD74D /* SocketIO */ = {
			isa = XCSwiftPackageProductDependency;
			package = 8348C5A42E3E446E00BBD74D /* XCRemoteSwiftPackageReference "socket.io-client-swift" */;
			productName = SocketIO;
		};
		83871F182E2D36110098BE94 /* KakaoSDKAuth */ = {
			isa = XCSwiftPackageProductDependency;
			package = 83871F172E2D36110098BE94 /* XCRemoteSwiftPackageReference "kakao-ios-sdk" */;
			productName = KakaoSDKAuth;
		};
		83871F1A2E2D36110098BE94 /* KakaoSDKCommon */ = {
			isa = XCSwiftPackageProductDependency;
			package = 83871F172E2D36110098BE94 /* XCRemoteSwiftPackageReference "kakao-ios-sdk" */;
			productName = KakaoSDKCommon;
		};
		83871F1C2E2D36110098BE94 /* KakaoSDKUser */ = {
			isa = XCSwiftPackageProductDependency;
			package = 83871F172E2D36110098BE94 /* XCRemoteSwiftPackageReference "kakao-ios-sdk" */;
			productName = KakaoSDKUser;
		};
		83871F1F2E2D361A0098BE94 /* Kingfisher */ = {
			isa = XCSwiftPackageProductDependency;
			package = 83871F1E2E2D361A0098BE94 /* XCRemoteSwiftPackageReference "Kingfisher" */;
			productName = Kingfisher;
		};
		83FF330A2E4381730027B267 /* iamport-ios */ = {
			isa = XCSwiftPackageProductDependency;
			package = 83FF33092E4381730027B267 /* XCRemoteSwiftPackageReference "iamport-ios" */;
			productName = "iamport-ios";
		};
		83FF332C2E4465450027B267 /* FirebaseCore */ = {
			isa = XCSwiftPackageProductDependency;
			package = 83FF332B2E4465450027B267 /* XCRemoteSwiftPackageReference "firebase-ios-sdk" */;
			productName = FirebaseCore;
		};
		83FF332E2E4465450027B267 /* FirebaseMessaging */ = {
			isa = XCSwiftPackageProductDependency;
			package = 83FF332B2E4465450027B267 /* XCRemoteSwiftPackageReference "firebase-ios-sdk" */;
			productName = FirebaseMessaging;
		};
/* End XCSwiftPackageProductDependency section */
	};
	rootObject = 83679B622E1E61FE00DCF63F /* Project object */;
}
